
Microsoft Visual Studio Solution File, Format Version 12.00
# Visual Studio Version 16
VisualStudioVersion = 16.0.31129.286
MinimumVisualStudioVersion = 10.0.40219.1
Project("{9A19103F-16F7-4668-BE54-9A1E7A4F7556}") = "emirbilet.entity", "emirbilet.entity.csproj", "{FAA23F0F-21D9-4F1F-9FAB-A6B7F3A1AFC5}"
EndProject
Global
	GlobalSection(SolutionConfigurationPlatforms) = preSolution
		Debug|Any CPU = Debug|Any CPU
		Release|Any CPU = Release|Any CPU
	EndGlobalSection
	GlobalSection(ProjectConfigurationPlatforms) = postSolution
		{FAA23F0F-21D9-4F1F-9FAB-A6B7F3A1AFC5}.Debug|Any CPU.ActiveCfg = Debug|Any CPU
		{FAA23F0F-21D9-4F1F-9FAB-A6B7F3A1AFC5}.Debug|Any CPU.Build.0 = Debug|Any CPU
		{FAA23F0F-21D9-4F1F-9FAB-A6B7F3A1AFC5}.Release|Any CPU.ActiveCfg = Release|Any CPU
		{FAA23F0F-21D9-4F1F-9FAB-A6B7F3A1AFC5}.Release|Any CPU.Build.0 = Release|Any CPU
	EndGlobalSection
	GlobalSection(SolutionProperties) = preSolution
		HideSolutionNode = FALSE
	EndGlobalSection
	GlobalSection(ExtensibilityGlobals) = postSolution
		SolutionGuid = {344D4505-1BA5-4308-AF76-5C34F38F19F2}
	EndGlobalSection
EndGlobal
